{
    "_meta": {
        "hash": {
            "sha256": "e3e9b884e0828d002736bb7d0e8921da20981444e65872d4ddd9915db28f5b7a"
        },
        "pipfile-spec": 6,
        "requires": {
            "python_version": "3.6"
        },
        "sources": [
            {
                "name": "pypi",
                "url": "https://pypi.org/simple",
                "verify_ssl": true
            }
        ]
    },
    "default": {
        "kafka": {
            "hashes": [
                "sha256:35a49e9a432f6792aad48b2ab09d03867357aaa06eacba2678b7fd0808156e5c",
                "sha256:ffb3348cd918c31344b1a2eb61f692cbc423c83b1b06466a86de3db8a3f6a018"
            ],
            "index": "pypi",
            "version": "==1.3.5"
        }
    },
    "develop": {}
}
